# This file is autogenerated, do not edit; changes may be undone by the next 'dep ensure'.


[[projects]]
  name = "github.com/AlekSi/pointer"
  packages = ["."]
  revision = "08a25bac605b3fcb6cc27f3917b2c2c87451963d"
  version = "v1.0.0"

[[projects]]
  name = "github.com/dgrijalva/jwt-go"
  packages = ["."]
  revision = "6c8dedd55f8a2e41f605de6d5d66e51ed1f299fc"

[[projects]]
  name = "github.com/golang/protobuf"
  packages = ["proto"]
  revision = "fec3b39b059c0f88fa6b20f5ed012b1aa203a8b4"

[[projects]]
  name = "github.com/google/go-github"
  packages = ["github"]
  revision = "4b7b445665c8ce4f3c10c753b1884e2c4f09e323"

[[projects]]
  branch = "master"
  name = "github.com/google/go-querystring"
  packages = ["query"]
  revision = "53e6ce116135b80d037921a7fdd5138cf32d7a8a"

[[projects]]
  name = "github.com/k8s-community/cicd"
  packages = [".","utils/rest"]
  revision = "be3d037dcc439b4f5fab74a83d9ac53a6d42f61d"
  version = "0.3.0"

[[projects]]
  name = "github.com/k8s-community/user-manager"
  packages = ["client"]
  revision = "6cf98c17777351032527d6d1242c32de826c2d14"
  version = "0.1.4"

[[projects]]
  name = "github.com/lib/pq"
  packages = [".","oid"]
  revision = "91f10e40ba0dd2d0bf9f93ec1d4077711a78df88"

[[projects]]
  name = "github.com/takama/router"
  packages = ["."]
  revision = "bb2e2b42ce5f3985536263c61ae196a556108254"
  version = "0.6.3"

[[projects]]
  name = "golang.org/x/net"
  packages = ["context"]
  revision = "e90d6d0afc4c315a0d87a568ae68577cc15149a0"

[[projects]]
  name = "google.golang.org/appengine"
  packages = [".","internal","internal/app_identity","internal/base","internal/datastore","internal/log","internal/modules","internal/remote_api"]
  revision = "170382fa85b10b94728989dfcf6cc818b335c952"

[[projects]]
  name = "gopkg.in/reform.v1"
  packages = [".","dialects/postgresql","parse"]
  revision = "aa2ae077c28edaf600cb1b9067e15aca0b0179bd"
  version = "v1.2.1"

[[projects]]
  name = "gopkg.in/rjz/githubhook.v0"
  packages = ["."]
  revision = "d5f019004f0a15c1c9be5ac3034071ba0dff5832"
  version = "v0.0.1"

[solve-meta]
  analyzer-name = "dep"
  analyzer-version = 1
  inputs-digest = "70a97116f21fe2f2eeb9209baec1931e3acb82b002ff1d9b0ddbac21f4aeaa38"
  solver-name = "gps-cdcl"
  solver-version = 1
